[[package]]
category = "dev"
description = "Atomic file writes."
marker = "sys_platform == \"win32\""
name = "atomicwrites"
optional = false
python-versions = ">=2.7, !=3.0.*, !=3.1.*, !=3.2.*, !=3.3.*"
version = "1.3.0"

[[package]]
category = "dev"
description = "Classes Without Boilerplate"
name = "attrs"
optional = false
python-versions = ">=2.7, !=3.0.*, !=3.1.*, !=3.2.*, !=3.3.*"
version = "19.1.0"

[[package]]
category = "dev"
description = "Python package for providing Mozilla's CA Bundle."
name = "certifi"
optional = false
python-versions = "*"
version = "2019.3.9"

[[package]]
category = "dev"
description = "Universal encoding detector for Python 2 and 3"
name = "chardet"
optional = false
python-versions = "*"
version = "3.0.4"

[[package]]
category = "dev"
description = "Hosted coverage reports for Github, Bitbucket and Gitlab"
name = "codecov"
optional = false
python-versions = "*"
version = "2.0.15"

[package.dependencies]
coverage = "*"
requests = ">=2.7.9"

[[package]]
category = "dev"
description = "Cross-platform colored terminal text."
marker = "sys_platform == \"win32\""
name = "colorama"
optional = false
python-versions = ">=2.7, !=3.0.*, !=3.1.*, !=3.2.*, !=3.3.*"
version = "0.4.1"

[[package]]
category = "dev"
description = "Code coverage measurement for Python"
name = "coverage"
optional = false
python-versions = ">=2.7, !=3.0.*, !=3.1.*, !=3.2.*, !=3.3.*, !=3.4.*, <4"
version = "5.0.1"

[[package]]
category = "main"
description = "Discover and load entry points from installed packages."
name = "entrypoints"
optional = false
python-versions = ">=2.7"
version = "0.3"

[[package]]
category = "main"
description = "the modular source code checker: pep8, pyflakes and co"
name = "flake8"
optional = false
python-versions = ">=2.7, !=3.0.*, !=3.1.*, !=3.2.*, !=3.3.*"
version = "3.7.9"

[package.dependencies]
entrypoints = ">=0.3.0,<0.4.0"
mccabe = ">=0.6.0,<0.7.0"
pycodestyle = ">=2.5.0,<2.6.0"
pyflakes = ">=2.1.0,<2.2.0"

[[package]]
category = "dev"
description = "Flake8 plugin warning for unsafe functions"
name = "flake8-alfred"
optional = false
python-versions = ">=3.6"
version = "1.1.1"

[package.dependencies]
flake8 = "*"

[[package]]
category = "dev"
description = "A flake8 extension that checks for blind except: statements"
name = "flake8-blind-except"
optional = false
python-versions = "*"
version = "0.1.1"

[package.dependencies]
setuptools = "*"

[[package]]
category = "dev"
description = "A plugin for flake8 finding likely bugs and design problems in your program. Contains warnings that don't belong in pyflakes and pycodestyle."
name = "flake8-bugbear"
optional = false
python-versions = ">=3.6"
version = "20.1.1"

[package.dependencies]
attrs = "*"
flake8 = ">=3.0.0"

[[package]]
category = "dev"
description = "Check for python builtins being used as variables or parameters."
name = "flake8-builtins"
optional = false
python-versions = "*"
version = "1.4.2"

[package.dependencies]
flake8 = "*"

[[package]]
category = "dev"
description = "Flake8 lint for newline after class definitions."
name = "flake8-class-newline"
optional = false
python-versions = "*"
version = "1.6.0"

[package.dependencies]
flake8 = "*"

[[package]]
category = "dev"
description = "A flake8 plugin to help you write better list/set/dict comprehensions."
name = "flake8-comprehensions"
optional = false
python-versions = ">=3.5"
version = "3.1.4"

[package.dependencies]
flake8 = ">=3.0,<3.2.0 || >3.2.0,<4"

[package.dependencies.importlib-metadata]
python = "<3.8"
version = "*"

[[package]]
category = "dev"
description = "Warns about deprecated method calls."
name = "flake8-deprecated"
optional = false
python-versions = "*"
version = "1.3"

[package.dependencies]
flake8 = ">=3.0.0"

[[package]]
category = "dev"
description = "Flake8 and pylama plugin that checks the ordering of import statements."
name = "flake8-import-order"
optional = false
python-versions = "*"
version = "0.18.1"

[package.dependencies]
pycodestyle = "*"
setuptools = "*"

[[package]]
category = "dev"
description = "mutable defaults flake8 extension"
name = "flake8-mutable"
optional = false
python-versions = "*"
version = "1.2.0"

[package.dependencies]
flake8 = "*"

[[package]]
category = "dev"
description = "Polyfill package for Flake8 plugins"
name = "flake8-polyfill"
optional = false
python-versions = "*"
version = "1.0.2"

[package.dependencies]
flake8 = "*"

[[package]]
category = "dev"
description = "Flake8 lint for quotes."
name = "flake8-quotes"
optional = false
python-versions = "*"
version = "2.1.1"

[package.dependencies]
flake8 = "*"

[[package]]
category = "main"
description = "Check code for 1 element tuple."
name = "flake8-tuple"
optional = false
python-versions = "*"
version = "0.4.1"

[package.dependencies]
flake8 = "*"
six = "*"

[[package]]
category = "dev"
description = "Internationalized Domain Names in Applications (IDNA)"
name = "idna"
optional = false
python-versions = ">=2.7, !=3.0.*, !=3.1.*, !=3.2.*, !=3.3.*"
version = "2.8"

[[package]]
category = "dev"
description = "Read metadata from Python packages"
name = "importlib-metadata"
optional = false
python-versions = ">=2.7,!=3.0,!=3.1,!=3.2,!=3.3"
version = "0.17"

[package.dependencies]
zipp = ">=0.5"

[[package]]
category = "main"
description = "McCabe checker, plugin for flake8"
name = "mccabe"
optional = false
python-versions = "*"
version = "0.6.1"

[[package]]
category = "dev"
description = "More routines for operating on iterables, beyond itertools"
name = "more-itertools"
optional = false
python-versions = ">=3.4"
version = "7.0.0"

[[package]]
category = "dev"
description = "Core utilities for Python packages"
name = "packaging"
optional = false
python-versions = ">=2.7, !=3.0.*, !=3.1.*, !=3.2.*, !=3.3.*"
version = "19.0"

[package.dependencies]
pyparsing = ">=2.0.2"
six = "*"

[[package]]
category = "dev"
description = "Check PEP-8 naming conventions, plugin for flake8"
name = "pep8-naming"
optional = false
python-versions = "*"
version = "0.9.1"

[package.dependencies]
flake8-polyfill = ">=1.0.2,<2"

[[package]]
category = "dev"
description = "plugin and hook calling mechanisms for python"
name = "pluggy"
optional = false
python-versions = ">=2.7, !=3.0.*, !=3.1.*, !=3.2.*, !=3.3.*"
version = "0.12.0"

[package.dependencies]
importlib-metadata = ">=0.12"

[[package]]
category = "dev"
description = "library with cross-python path, ini-parsing, io, code, log facilities"
name = "py"
optional = false
python-versions = ">=2.7, !=3.0.*, !=3.1.*, !=3.2.*, !=3.3.*"
version = "1.8.0"

[[package]]
category = "main"
description = "Python style guide checker"
name = "pycodestyle"
optional = false
python-versions = ">=2.7, !=3.0.*, !=3.1.*, !=3.2.*, !=3.3.*"
version = "2.5.0"

[[package]]
category = "main"
description = "passive checker of Python programs"
name = "pyflakes"
optional = false
python-versions = ">=2.7, !=3.0.*, !=3.1.*, !=3.2.*, !=3.3.*"
version = "2.1.1"

[[package]]
category = "dev"
description = "Python parsing module"
name = "pyparsing"
optional = false
python-versions = ">=2.6, !=3.0.*, !=3.1.*, !=3.2.*"
version = "2.4.0"

[[package]]
category = "dev"
description = "pytest: simple powerful testing with Python"
name = "pytest"
optional = false
python-versions = ">=3.5"
version = "5.3.2"

[package.dependencies]
atomicwrites = ">=1.0"
attrs = ">=17.4.0"
colorama = "*"
more-itertools = ">=4.0.0"
packaging = "*"
pluggy = ">=0.12,<1.0"
py = ">=1.5.0"
wcwidth = "*"

[package.dependencies.importlib-metadata]
python = "<3.8"
version = ">=0.12"

[[package]]
category = "dev"
description = "Pytest plugin for measuring coverage."
name = "pytest-cov"
optional = false
python-versions = ">=2.7, !=3.0.*, !=3.1.*, !=3.2.*, !=3.3.*"
version = "2.8.1"

[package.dependencies]
coverage = ">=4.4"
pytest = ">=3.6"

[[package]]
category = "dev"
description = "Python HTTP for Humans."
name = "requests"
optional = false
python-versions = ">=2.7, !=3.0.*, !=3.1.*, !=3.2.*, !=3.3.*, !=3.4.*"
version = "2.22.0"

[package.dependencies]
certifi = ">=2017.4.17"
chardet = ">=3.0.2,<3.1.0"
idna = ">=2.5,<2.9"
urllib3 = ">=1.21.1,<1.25.0 || >1.25.0,<1.25.1 || >1.25.1,<1.26"

[[package]]
category = "main"
description = "Python 2 and 3 compatibility utilities"
name = "six"
optional = false
python-versions = ">=2.6, !=3.0.*, !=3.1.*"
version = "1.12.0"

[[package]]
category = "dev"
description = "HTTP library with thread-safe connection pooling, file post, and more."
name = "urllib3"
optional = false
python-versions = ">=2.7, !=3.0.*, !=3.1.*, !=3.2.*, !=3.3.*, <4"
version = "1.25.3"

[[package]]
category = "dev"
description = "Measures number of Terminal column cells of wide-character codes"
name = "wcwidth"
optional = false
python-versions = "*"
version = "0.1.7"

[[package]]
category = "dev"
description = "Backport of pathlib-compatible object wrapper for zip files"
name = "zipp"
optional = false
python-versions = ">=2.7"
version = "0.5.1"

[metadata]
content-hash = "cda59024814166891dc8e4a977f21300ec9a1c7da65c756efe2b7a130f62d39d"
python-versions = "^3.7"

[metadata.hashes]
atomicwrites = ["03472c30eb2c5d1ba9227e4c2ca66ab8287fbfbbda3888aa93dc2e28fc6811b4", "75a9445bac02d8d058d5e1fe689654ba5a6556a1dfd8ce6ec55a0ed79866cfa6"]
attrs = ["69c0dbf2ed392de1cb5ec704444b08a5ef81680a61cb899dc08127123af36a79", "f0b870f674851ecbfbbbd364d6b5cbdff9dcedbc7f3f5e18a6891057f21fe399"]
certifi = ["59b7658e26ca9c7339e00f8f4636cdfe59d34fa37b9b04f6f9e9926b3cece1a5", "b26104d6835d1f5e49452a26eb2ff87fe7090b89dfcaee5ea2212697e1e1d7ae"]
chardet = ["84ab92ed1c4d4f16916e05906b6b75a6c0fb5db821cc65e70cbd64a3e2a5eaae", "fc323ffcaeaed0e0a02bf4d117757b98aed530d9ed4531e3e15460124c106691"]
codecov = ["8ed8b7c6791010d359baed66f84f061bba5bd41174bf324c31311e8737602788", "ae00d68e18d8a20e9c3288ba3875ae03db3a8e892115bf9b83ef20507732bed4"]
colorama = ["05eed71e2e327246ad6b38c540c4a3117230b19679b875190486ddd2d721422d", "f8ac84de7840f5b9c4e3347b3c1eaa50f7e49c2b07596221daec5edaabbd7c48"]
coverage = ["0101888bd1592a20ccadae081ba10e8b204d20235d18d05c6f7d5e904a38fc10", "04b961862334687549eb91cd5178a6fbe977ad365bddc7c60f2227f2f9880cf4", "1ca43dbd739c0fc30b0a3637a003a0d2c7edc1dd618359d58cc1e211742f8bd1", "1cbb88b34187bdb841f2599770b7e6ff8e259dc3bb64fc7893acf44998acf5f8", "232f0b52a5b978288f0bbc282a6c03fe48cd19a04202df44309919c142b3bb9c", "24bcfa86fd9ce86b73a8368383c39d919c497a06eebb888b6f0c12f13e920b1a", "25b8f60b5c7da71e64c18888f3067d5b6f1334b9681876b2fb41eea26de881ae", "2714160a63da18aed9340c70ed514973971ee7e665e6b336917ff4cca81a25b1", "2ca2cd5264e84b2cafc73f0045437f70c6378c0d7dbcddc9ee3fe192c1e29e5d", "2cc707fc9aad2592fc686d63ef72dc0031fc98b6fb921d2f5395d9ab84fbc3ef", "348630edea485f4228233c2f310a598abf8afa5f8c716c02a9698089687b6085", "40fbfd6b044c9db13aeec1daf5887d322c710d811f944011757526ef6e323fd9", "46c9c6a1d1190c0b75ec7c0f339088309952b82ae8d67a79ff1319eb4e749b96", "591506e088901bdc25620c37aec885e82cc896528f28c57e113751e3471fc314", "5ac71bba1e07eab403b082c4428f868c1c9e26a21041436b4905c4c3d4e49b08", "5f622f19abda4e934938e24f1d67599249abc201844933a6f01aaa8663094489", "65bead1ac8c8930cf92a1ccaedcce19a57298547d5d1db5c9d4d068a0675c38b", "7362a7f829feda10c7265b553455de596b83d1623b3d436b6d3c51c688c57bf6", "7f2675750c50151f806070ec11258edf4c328340916c53bac0adbc465abd6b1e", "960d7f42277391e8b1c0b0ae427a214e1b31a1278de6b73f8807b20c2e913bba", "a50b0888d8a021a3342d36a6086501e30de7d840ab68fca44913e97d14487dc1", "b7dbc5e8c39ea3ad3db22715f1b5401cd698a621218680c6daf42c2f9d36e205", "bb3d29df5d07d5399d58a394d0ef50adf303ab4fbf66dfd25b9ef258effcb692", "c0fff2733f7c2950f58a4fd09b5db257b00c6fec57bf3f68c5bae004d804b407", "c792d3707a86c01c02607ae74364854220fb3e82735f631cd0a345dea6b4cee5", "c90bda74e16bcd03861b09b1d37c0a4158feda5d5a036bb2d6e58de6ff65793e", "cfce79ce41cc1a1dc7fc85bb41eeeb32d34a4cf39a645c717c0550287e30ff06", "eeafb646f374988c22c8e6da5ab9fb81367ecfe81c70c292623373d2a021b1a1", "f425f50a6dd807cb9043d15a4fcfba3b5874a54d9587ccbb748899f70dc18c47", "fcd4459fe35a400b8f416bc57906862693c9f88b66dc925e7f2a933e77f6b18b", "ff3936dd5feaefb4f91c8c1f50a06c588b5dc69fba4f7d9c79a6617ad80bb7df"]
entrypoints = ["589f874b313739ad35be6e0cd7efde2a4e9b6fea91edcc34e58ecbb8dbe56d19", "c70dd71abe5a8c85e55e12c19bd91ccfeec11a6e99044204511f9ed547d48451"]
flake8 = ["45681a117ecc81e870cbf1262835ae4af5e7a8b08e40b944a8a6e6b895914cfb", "49356e766643ad15072a789a20915d3c91dc89fd313ccd71802303fd67e4deca"]
flake8-alfred = ["3cce4a91fe07b50b5efcb650f5f13901052b64c3850f9cf10cce330efab6b34d", "c68b40165b00d3c9f0da6e64f08e95da919fc358dc8b8596374f54fa63cd6be5"]
flake8-blind-except = ["0d7d1adb4cabf2268d6eebb815a7a5014bcb7e8419f7a74339c46d0b8847b858", "aca3356633825544cec51997260fe31a8f24a1a2795ce8e81696b9916745e599"]
flake8-bugbear = ["180b08493fc633899c8aad7c46b8fdf0ec4939272ed0db6fad0f4eba56827352", "a1fc463cba38e3b62c6d483db4a8a7b8f1326a51eefd1a4079717262d5e1a4d6"]
flake8-builtins = ["29bc0f7e68af481d088f5c96f8aeb02520abdfc900500484e3af969f42a38a5f", "c44415fb19162ef3737056e700d5b99d48c3612a533943b4e16419a5d3de3a64"]
flake8-class-newline = ["130a6991e8c58ec9a6380d273e449e61bcd974b446c97f1e16493f6350fa8d35", "44e77747396c7586bbfe7814df9caf17d92000cb70a5ef9df5d721c934c6db33", "514c4923c88eb8b3dd52db4b55b8d3483520db89db80af6ba812a4af15421ff1"]
flake8-comprehensions = ["6de428c3ac67d3614d527456469c8a3d6638960e9ad7e1222358526a2507400a", "e3a8350a35d7bc71f8a1f64cf3c633a418a26b0edace2219d26ea4dd78ac21f3"]
flake8-deprecated = ["211951854837ced9ec997a75c6e5b957f3536a735538ee0620b76539fd3706cd", "9fa5a0c5c81fb3b34c53a0e4f16cd3f0a3395078cfd4988011cbab5fb0afa7f7"]
flake8-import-order = ["90a80e46886259b9c396b578d75c749801a41ee969a235e163cfe1be7afd2543", "a28dc39545ea4606c1ac3c24e9d05c849c6e5444a50fb7e9cdd430fc94de6e92"]
flake8-mutable = ["38fd9dadcbcda6550a916197bc40ed76908119dabb37fbcca30873666c31d2d5", "ee9b77111b867d845177bbc289d87d541445ffcc6029a0c5c65865b42b18c6a6"]
flake8-polyfill = ["12be6a34ee3ab795b19ca73505e7b55826d5f6ad7230d31b18e106400169b9e9", "e44b087597f6da52ec6393a709e7108b2905317d0c0b744cdca6208e670d8eda"]
flake8-quotes = ["11a15d30c92ca5f04c2791bd7019cf62b6f9d3053eb050d02a135557eb118bfc"]
flake8-tuple = ["8a1b42aab134ef4c3fef13c6a8f383363f158b19fbc165bd91aed9c51851a61d"]
idna = ["c357b3f628cf53ae2c4c05627ecc484553142ca23264e593d327bcde5e9c3407", "ea8b7f6188e6fa117537c3df7da9fc686d485087abf6ac197f9c46432f7e4a3c"]
importlib-metadata = ["a9f185022cfa69e9ca5f7eabfd5a58b689894cb78a11e3c8c89398a8ccbb8e7f", "df1403cd3aebeb2b1dcd3515ca062eecb5bd3ea7611f18cba81130c68707e879"]
mccabe = ["ab8a6258860da4b6677da4bd2fe5dc2c659cff31b3ee4f7f5d64e79735b80d42", "dd8d182285a0fe56bace7f45b5e7d1a6ebcbf524e8f3bd87eb0f125271b8831f"]
more-itertools = ["2112d2ca570bb7c3e53ea1a35cd5df42bb0fd10c45f0fb97178679c3c03d64c7", "c3e4748ba1aad8dba30a4886b0b1a2004f9a863837b8654e7059eebf727afa5a"]
packaging = ["0c98a5d0be38ed775798ece1b9727178c4469d9c3b4ada66e8e6b7849f8732af", "9e1cbf8c12b1f1ce0bb5344b8d7ecf66a6f8a6e91bcb0c84593ed6d3ab5c4ab3"]
pep8-naming = ["45f330db8fcfb0fba57458c77385e288e7a3be1d01e8ea4268263ef677ceea5f", "a33d38177056321a167decd6ba70b890856ba5025f0a8eca6a3eda607da93caf"]
pluggy = ["0825a152ac059776623854c1543d65a4ad408eb3d33ee114dff91e57ec6ae6fc", "b9817417e95936bf75d85d3f8767f7df6cdde751fc40aed3bb3074cbcb77757c"]
py = ["64f65755aee5b381cea27766a3a147c3f15b9b6b9ac88676de66ba2ae36793fa", "dc639b046a6e2cff5bbe40194ad65936d6ba360b52b3c3fe1d08a82dd50b5e53"]
pycodestyle = ["95a2219d12372f05704562a14ec30bc76b05a5b297b21a5dfe3f6fac3491ae56", "e40a936c9a450ad81df37f549d676d127b1b66000a6c500caa2b085bc0ca976c"]
pyflakes = ["17dbeb2e3f4d772725c777fabc446d5634d1038f234e77343108ce445ea69ce0", "d976835886f8c5b31d47970ed689944a0262b5f3afa00a5a7b4dc81e5449f8a2"]
pyparsing = ["1873c03321fc118f4e9746baf201ff990ceb915f433f23b395f5580d1840cb2a", "9b6323ef4ab914af344ba97510e966d64ba91055d6b9afa6b30799340e89cc03"]
pytest = ["6b571215b5a790f9b41f19f3531c53a45cf6bb8ef2988bc1ff9afb38270b25fa", "e41d489ff43948babd0fad7ad5e49b8735d5d55e26628a58673c39ff61d95de4"]
pytest-cov = ["cc6742d8bac45070217169f5f72ceee1e0e55b0221f54bcf24845972d3a47f2b", "cdbdef4f870408ebdbfeb44e63e07eb18bb4619fae852f6e760645fa36172626"]
requests = ["11e007a8a2aa0323f5a921e9e6a2d7e4e67d9877e85773fba9ba6419025cbeb4", "9cf5292fcd0f598c671cfc1e0d7d1a7f13bb8085e9a590f48c010551dc6c4b31"]
six = ["3350809f0555b11f552448330d0b52d5f24c91a322ea4a15ef22629740f3761c", "d16a0141ec1a18405cd4ce8b4613101da75da0e9a7aec5bdd4fa804d0e0eba73"]
urllib3 = ["b246607a25ac80bedac05c6f282e3cdaf3afb65420fd024ac94435cabe6e18d1", "dbe59173209418ae49d485b87d1681aefa36252ee85884c31346debd19463232"]
wcwidth = ["3df37372226d6e63e1b1e1eda15c594bca98a22d33a23832a90998faa96bc65e", "f4ebe71925af7b40a864553f761ed559b43544f8f71746c2d756c7fe788ade7c"]
zipp = ["8c1019c6aad13642199fbe458275ad6a84907634cc9f0989877ccc4a2840139d", "ca943a7e809cc12257001ccfb99e3563da9af99d52f261725e96dfe0f9275bc3"]
